// !$*UTF8*$!
{
	archiveVersion = 1;
	classes = {
	};
	objectVersion = 50;
	objects = {

/* Begin PBXBuildFile section */
		FF6A8E8B2646FD7A0058C618 /* BingoApp.swift in Sources */ = {isa = PBXBuildFile; fileRef = FF6A8E8A2646FD7A0058C618 /* BingoApp.swift */; };
		FF6A8E8D2646FD7A0058C618 /* ContentView.swift in Sources */ = {isa = PBXBuildFile; fileRef = FF6A8E8C2646FD7A0058C618 /* ContentView.swift */; };
		FF6A8E8F2646FD7C0058C618 /* Assets.xcassets in Resources */ = {isa = PBXBuildFile; fileRef = FF6A8E8E2646FD7C0058C618 /* Assets.xcassets */; };
		FF6A8E922646FD7C0058C618 /* Preview Assets.xcassets in Resources */ = {isa = PBXBuildFile; fileRef = FF6A8E912646FD7C0058C618 /* Preview Assets.xcassets */; };
		FF6A8E9D2646FD7C0058C618 /* BingoTests.swift in Sources */ = {isa = PBXBuildFile; fileRef = FF6A8E9C2646FD7C0058C618 /* BingoTests.swift */; };
		FF6A8EA82646FD7C0058C618 /* BingoUITests.swift in Sources */ = {isa = PBXBuildFile; fileRef = FF6A8EA72646FD7C0058C618 /* BingoUITests.swift */; };
/* End PBXBuildFile section */

/* Begin PBXContainerItemProxy section */
		FF6A8E992646FD7C0058C618 /* PBXContainerItemProxy */ = {
			isa = PBXContainerItemProxy;
			containerPortal = FF6A8E7F2646FD7A0058C618 /* Project object */;
			proxyType = 1;
			remoteGlobalIDString = FF6A8E862646FD7A0058C618;
			remoteInfo = Bingo;
		};
		FF6A8EA42646FD7C0058C618 /* PBXContainerItemProxy */ = {
			isa = PBXContainerItemProxy;
			containerPortal = FF6A8E7F2646FD7A0058C618 /* Project object */;
			proxyType = 1;
			remoteGlobalIDString = FF6A8E862646FD7A0058C618;
			remoteInfo = Bingo;
		};
/* End PBXContainerItemProxy section */

/* Begin PBXFileReference section */
		FF6A8E872646FD7A0058C618 /* Bingo.app */ = {isa = PBXFileReference; explicitFileType = wrapper.application; includeInIndex = 0; path = Bingo.app; sourceTree = BUILT_PRODUCTS_DIR; };
		FF6A8E8A2646FD7A0058C618 /* BingoApp.swift */ = {isa = PBXFileReference; lastKnownFileType = sourcecode.swift; path = BingoApp.swift; sourceTree = "<group>"; };
		FF6A8E8C2646FD7A0058C618 /* ContentView.swift */ = {isa = PBXFileReference; lastKnownFileType = sourcecode.swift; path = ContentView.swift; sourceTree = "<group>"; };
		FF6A8E8E2646FD7C0058C618 /* Assets.xcassets */ = {isa = PBXFileReference; lastKnownFileType = folder.assetcatalog; path = Assets.xcassets; sourceTree = "<group>"; };
		FF6A8E912646FD7C0058C618 /* Preview Assets.xcassets */ = {isa = PBXFileReference; lastKnownFileType = folder.assetcatalog; path = "Preview Assets.xcassets"; sourceTree = "<group>"; };
		FF6A8E932646FD7C0058C618 /* Info.plist */ = {isa = PBXFileReference; lastKnownFileType = text.plist.xml; path = Info.plist; sourceTree = "<group>"; };
		FF6A8E982646FD7C0058C618 /* BingoTests.xctest */ = {isa = PBXFileReference; explicitFileType = wrapper.cfbundle; includeInIndex = 0; path = BingoTests.xctest; sourceTree = BUILT_PRODUCTS_DIR; };
		FF6A8E9C2646FD7C0058C618 /* BingoTests.swift */ = {isa = PBXFileReference; lastKnownFileType = sourcecode.swift; path = BingoTests.swift; sourceTree = "<group>"; };
		FF6A8E9E2646FD7C0058C618 /* Info.plist */ = {isa = PBXFileReference; lastKnownFileType = text.plist.xml; path = Info.plist; sourceTree = "<group>"; };
		FF6A8EA32646FD7C0058C618 /* BingoUITests.xctest */ = {isa = PBXFileReference; explicitFileType = wrapper.cfbundle; includeInIndex = 0; path = BingoUITests.xctest; sourceTree = BUILT_PRODUCTS_DIR; };
		FF6A8EA72646FD7C0058C618 /* BingoUITests.swift */ = {isa = PBXFileReference; lastKnownFileType = sourcecode.swift; path = BingoUITests.swift; sourceTree = "<group>"; };
		FF6A8EA92646FD7C0058C618 /* Info.plist */ = {isa = PBXFileReference; lastKnownFileType = text.plist.xml; path = Info.plist; sourceTree = "<group>"; };
/* End PBXFileReference section */

/* Begin PBXFrameworksBuildPhase section */
		FF6A8E842646FD7A0058C618 /* Frameworks */ = {
			isa = PBXFrameworksBuildPhase;
			buildActionMask = 2147483647;
			files = (
			);
			runOnlyForDeploymentPostprocessing = 0;
		};
		FF6A8E952646FD7C0058C618 /* Frameworks */ = {
			isa = PBXFrameworksBuildPhase;
			buildActionMask = 2147483647;
			files = (
			);
			runOnlyForDeploymentPostprocessing = 0;
		};
		FF6A8EA02646FD7C0058C618 /* Frameworks */ = {
			isa = PBXFrameworksBuildPhase;
			buildActionMask = 2147483647;
			files = (
			);
			runOnlyForDeploymentPostprocessing = 0;
		};
/* End PBXFrameworksBuildPhase section */

/* Begin PBXGroup section */
		FF6A8E7E2646FD7A0058C618 = {
			isa = PBXGroup;
			children = (
				FF6A8E892646FD7A0058C618 /* Bingo */,
				FF6A8E9B2646FD7C0058C618 /* BingoTests */,
				FF6A8EA62646FD7C0058C618 /* BingoUITests */,
				FF6A8E882646FD7A0058C618 /* Products */,
			);
			sourceTree = "<group>";
		};
		FF6A8E882646FD7A0058C618 /* Products */ = {
			isa = PBXGroup;
			children = (
				FF6A8E872646FD7A0058C618 /* Bingo.app */,
				FF6A8E982646FD7C0058C618 /* BingoTests.xctest */,
				FF6A8EA32646FD7C0058C618 /* BingoUITests.xctest */,
			);
			name = Products;
			sourceTree = "<group>";
		};
		FF6A8E892646FD7A0058C618 /* Bingo */ = {
			isa = PBXGroup;
			children = (
				FF6A8E8A2646FD7A0058C618 /* BingoApp.swift */,
				FF6A8E8C2646FD7A0058C618 /* ContentView.swift */,
				FF6A8E8E2646FD7C0058C618 /* Assets.xcassets */,
				FF6A8E932646FD7C0058C618 /* Info.plist */,
				FF6A8E902646FD7C0058C618 /* Preview Content */,
			);
			path = Bingo;
			sourceTree = "<group>";
		};
		FF6A8E902646FD7C0058C618 /* Preview Content */ = {
			isa = PBXGroup;
			children = (
				FF6A8E912646FD7C0058C618 /* Preview Assets.xcassets */,
			);
			path = "Preview Content";
			sourceTree = "<group>";
		};
		FF6A8E9B2646FD7C0058C618 /* BingoTests */ = {
			isa = PBXGroup;
			children = (
				FF6A8E9C2646FD7C0058C618 /* BingoTests.swift */,
				FF6A8E9E2646FD7C0058C618 /* Info.plist */,
			);
			path = BingoTests;
			sourceTree = "<group>";
		};
		FF6A8EA62646FD7C0058C618 /* BingoUITests */ = {
			isa = PBXGroup;
			children = (
				FF6A8EA72646FD7C0058C618 /* BingoUITests.swift */,
				FF6A8EA92646FD7C0058C618 /* Info.plist */,
			);
			path = BingoUITests;
			sourceTree = "<group>";
		};
/* End PBXGroup section */

/* Begin PBXNativeTarget section */
		FF6A8E862646FD7A0058C618 /* Bingo */ = {
			isa = PBXNativeTarget;
			buildConfigurationList = FF6A8EAC2646FD7C0058C618 /* Build configuration list for PBXNativeTarget "Bingo" */;
			buildPhases = (
				FF6A8E832646FD7A0058C618 /* Sources */,
				FF6A8E842646FD7A0058C618 /* Frameworks */,
				FF6A8E852646FD7A0058C618 /* Resources */,
			);
			buildRules = (
			);
			dependencies = (
			);
			name = Bingo;
			productName = Bingo;
			productReference = FF6A8E872646FD7A0058C618 /* Bingo.app */;
			productType = "com.apple.product-type.application";
		};
		FF6A8E972646FD7C0058C618 /* BingoTests */ = {
			isa = PBXNativeTarget;
			buildConfigurationList = FF6A8EAF2646FD7C0058C618 /* Build configuration list for PBXNativeTarget "BingoTests" */;
			buildPhases = (
				FF6A8E942646FD7C0058C618 /* Sources */,
				FF6A8E952646FD7C0058C618 /* Frameworks */,
				FF6A8E962646FD7C0058C618 /* Resources */,
			);
			buildRules = (
			);
			dependencies = (
				FF6A8E9A2646FD7C0058C618 /* PBXTargetDependency */,
			);
			name = BingoTests;
			productName = BingoTests;
			productReference = FF6A8E982646FD7C0058C618 /* BingoTests.xctest */;
			productType = "com.apple.product-type.bundle.unit-test";
		};
		FF6A8EA22646FD7C0058C618 /* BingoUITests */ = {
			isa = PBXNativeTarget;
			buildConfigurationList = FF6A8EB22646FD7C0058C618 /* Build configuration list for PBXNativeTarget "BingoUITests" */;
			buildPhases = (
				FF6A8E9F2646FD7C0058C618 /* Sources */,
				FF6A8EA02646FD7C0058C618 /* Frameworks */,
				FF6A8EA12646FD7C0058C618 /* Resources */,
			);
			buildRules = (
			);
			dependencies = (
				FF6A8EA52646FD7C0058C618 /* PBXTargetDependency */,
			);
			name = BingoUITests;
			productName = BingoUITests;
			productReference = FF6A8EA32646FD7C0058C618 /* BingoUITests.xctest */;
			productType = "com.apple.product-type.bundle.ui-testing";
		};
/* End PBXNativeTarget section */

/* Begin PBXProject section */
		FF6A8E7F2646FD7A0058C618 /* Project object */ = {
			isa = PBXProject;
			attributes = {
				LastSwiftUpdateCheck = 1250;
				LastUpgradeCheck = 1250;
				TargetAttributes = {
					FF6A8E862646FD7A0058C618 = {
						CreatedOnToolsVersion = 12.5;
					};
					FF6A8E972646FD7C0058C618 = {
						CreatedOnToolsVersion = 12.5;
						TestTargetID = FF6A8E862646FD7A0058C618;
					};
					FF6A8EA22646FD7C0058C618 = {
						CreatedOnToolsVersion = 12.5;
						TestTargetID = FF6A8E862646FD7A0058C618;
					};
				};
			};
			buildConfigurationList = FF6A8E822646FD7A0058C618 /* Build configuration list for PBXProject "Bingo" */;
			compatibilityVersion = "Xcode 9.3";
			developmentRegion = en;
			hasScannedForEncodings = 0;
			knownRegions = (
				en,
				Base,
			);
			mainGroup = FF6A8E7E2646FD7A0058C618;
			productRefGroup = FF6A8E882646FD7A0058C618 /* Products */;
			projectDirPath = "";
			projectRoot = "";
			targets = (
				FF6A8E862646FD7A0058C618 /* Bingo */,
				FF6A8E972646FD7C0058C618 /* BingoTests */,
				FF6A8EA22646FD7C0058C618 /* BingoUITests */,
			);
		};
/* End PBXProject section */

/* Begin PBXResourcesBuildPhase section */
		FF6A8E852646FD7A0058C618 /* Resources */ = {
			isa = PBXResourcesBuildPhase;
			buildActionMask = 2147483647;
			files = (
				FF6A8E922646FD7C0058C618 /* Preview Assets.xcassets in Resources */,
				FF6A8E8F2646FD7C0058C618 /* Assets.xcassets in Resources */,
			);
			runOnlyForDeploymentPostprocessing = 0;
		};
		FF6A8E962646FD7C0058C618 /* Resources */ = {
			isa = PBXResourcesBuildPhase;
			buildActionMask = 2147483647;
			files = (
			);
			runOnlyForDeploymentPostprocessing = 0;
		};
		FF6A8EA12646FD7C0058C618 /* Resources */ = {
			isa = PBXResourcesBuildPhase;
			buildActionMask = 2147483647;
			files = (
			);
			runOnlyForDeploymentPostprocessing = 0;
		};
/* End PBXResourcesBuildPhase section */

/* Begin PBXSourcesBuildPhase section */
		FF6A8E832646FD7A0058C618 /* Sources */ = {
			isa = PBXSourcesBuildPhase;
			buildActionMask = 2147483647;
			files = (
				FF6A8E8D2646FD7A0058C618 /* ContentView.swift in Sources */,
				FF6A8E8B2646FD7A0058C618 /* BingoApp.swift in Sources */,
			);
			runOnlyForDeploymentPostprocessing = 0;
		};
		FF6A8E942646FD7C0058C618 /* Sources */ = {
			isa = PBXSourcesBuildPhase;
			buildActionMask = 2147483647;
			files = (
				FF6A8E9D2646FD7C0058C618 /* BingoTests.swift in Sources */,
			);
			runOnlyForDeploymentPostprocessing = 0;
		};
		FF6A8E9F2646FD7C0058C618 /* Sources */ = {
			isa = PBXSourcesBuildPhase;
			buildActionMask = 2147483647;
			files = (
				FF6A8EA82646FD7C0058C618 /* BingoUITests.swift in Sources */,
			);
			runOnlyForDeploymentPostprocessing = 0;
		};
/* End PBXSourcesBuildPhase section */

/* Begin PBXTargetDependency section */
		FF6A8E9A2646FD7C0058C618 /* PBXTargetDependency */ = {
			isa = PBXTargetDependency;
			target = FF6A8E862646FD7A0058C618 /* Bingo */;
			targetProxy = FF6A8E992646FD7C0058C618 /* PBXContainerItemProxy */;
		};
		FF6A8EA52646FD7C0058C618 /* PBXTargetDependency */ = {
			isa = PBXTargetDependency;
			target = FF6A8E862646FD7A0058C618 /* Bingo */;
			targetProxy = FF6A8EA42646FD7C0058C618 /* PBXContainerItemProxy */;
		};
/* End PBXTargetDependency section */

/* Begin XCBuildConfiguration section */
		FF6A8EAA2646FD7C0058C618 /* Debug */ = {
			isa = XCBuildConfiguration;
			buildSettings = {
				ALWAYS_SEARCH_USER_PATHS = NO;
				CLANG_ANALYZER_NONNULL = YES;
				CLANG_ANALYZER_NUMBER_OBJECT_CONVERSION = YES_AGGRESSIVE;
				CLANG_CXX_LANGUAGE_STANDARD = "gnu++14";
				CLANG_CXX_LIBRARY = "libc++";
				CLANG_ENABLE_MODULES = YES;
				CLANG_ENABLE_OBJC_ARC = YES;
				CLANG_ENABLE_OBJC_WEAK = YES;
				CLANG_WARN_BLOCK_CAPTURE_AUTORELEASING = YES;
				CLANG_WARN_BOOL_CONVERSION = YES;
				CLANG_WARN_COMMA = YES;
				CLANG_WARN_CONSTANT_CONVERSION = YES;
				CLANG_WARN_DEPRECATED_OBJC_IMPLEMENTATIONS = YES;
				CLANG_WARN_DIRECT_OBJC_ISA_USAGE = YES_ERROR;
				CLANG_WARN_DOCUMENTATION_COMMENTS = YES;
				CLANG_WARN_EMPTY_BODY = YES;
				CLANG_WARN_ENUM_CONVERSION = YES;
				CLANG_WARN_INFINITE_RECURSION = YES;
				CLANG_WARN_INT_CONVERSION = YES;
				CLANG_WARN_NON_LITERAL_NULL_CONVERSION = YES;
				CLANG_WARN_OBJC_IMPLICIT_RETAIN_SELF = YES;
				CLANG_WARN_OBJC_LITERAL_CONVERSION = YES;
				CLANG_WARN_OBJC_ROOT_CLASS = YES_ERROR;
				CLANG_WARN_QUOTED_INCLUDE_IN_FRAMEWORK_HEADER = YES;
				CLANG_WARN_RANGE_LOOP_ANALYSIS = YES;
				CLANG_WARN_STRICT_PROTOTYPES = YES;
				CLANG_WARN_SUSPICIOUS_MOVE = YES;
				CLANG_WARN_UNGUARDED_AVAILABILITY = YES_AGGRESSIVE;
				CLANG_WARN_UNREACHABLE_CODE = YES;
				CLANG_WARN__DUPLICATE_METHOD_MATCH = YES;
				COPY_PHASE_STRIP = NO;
				DEBUG_INFORMATION_FORMAT = dwarf;
				ENABLE_STRICT_OBJC_MSGSEND = YES;
				ENABLE_TESTABILITY = YES;
				GCC_C_LANGUAGE_STANDARD = gnu11;
				GCC_DYNAMIC_NO_PIC = NO;
				GCC_NO_COMMON_BLOCKS = YES;
				GCC_OPTIMIZATION_LEVEL = 0;
				GCC_PREPROCESSOR_DEFINITIONS = (
					"DEBUG=1",
					"$(inherited)",
				);
				GCC_WARN_64_TO_32_BIT_CONVERSION = YES;
				GCC_WARN_ABOUT_RETURN_TYPE = YES_ERROR;
				GCC_WARN_UNDECLARED_SELECTOR = YES;
				GCC_WARN_UNINITIALIZED_AUTOS = YES_AGGRESSIVE;
				GCC_WARN_UNUSED_FUNCTION = YES;
				GCC_WARN_UNUSED_VARIABLE = YES;
				IPHONEOS_DEPLOYMENT_TARGET = 14.5;
				MTL_ENABLE_DEBUG_INFO = INCLUDE_SOURCE;
				MTL_FAST_MATH = YES;
				ONLY_ACTIVE_ARCH = YES;
				SDKROOT = iphoneos;
				SWIFT_ACTIVE_COMPILATION_CONDITIONS = DEBUG;
				SWIFT_OPTIMIZATION_LEVEL = "-Onone";
			};
			name = Debug;
		};
		FF6A8EAB2646FD7C0058C618 /* Release */ = {
			isa = XCBuildConfiguration;
			buildSettings = {
				ALWAYS_SEARCH_USER_PATHS = NO;
				CLANG_ANALYZER_NONNULL = YES;
				CLANG_ANALYZER_NUMBER_OBJECT_CONVERSION = YES_AGGRESSIVE;
				CLANG_CXX_LANGUAGE_STANDARD = "gnu++14";
				CLANG_CXX_LIBRARY = "libc++";
				CLANG_ENABLE_MODULES = YES;
				CLANG_ENABLE_OBJC_ARC = YES;
				CLANG_ENABLE_OBJC_WEAK = YES;
				CLANG_WARN_BLOCK_CAPTURE_AUTORELEASING = YES;
				CLANG_WARN_BOOL_CONVERSION = YES;
				CLANG_WARN_COMMA = YES;
				CLANG_WARN_CONSTANT_CONVERSION = YES;
				CLANG_WARN_DEPRECATED_OBJC_IMPLEMENTATIONS = YES;
				CLANG_WARN_DIRECT_OBJC_ISA_USAGE = YES_ERROR;
				CLANG_WARN_DOCUMENTATION_COMMENTS = YES;
				CLANG_WARN_EMPTY_BODY = YES;
				CLANG_WARN_ENUM_CONVERSION = YES;
				CLANG_WARN_INFINITE_RECURSION = YES;
				CLANG_WARN_INT_CONVERSION = YES;
				CLANG_WARN_NON_LITERAL_NULL_CONVERSION = YES;
				CLANG_WARN_OBJC_IMPLICIT_RETAIN_SELF = YES;
				CLANG_WARN_OBJC_LITERAL_CONVERSION = YES;
				CLANG_WARN_OBJC_ROOT_CLASS = YES_ERROR;
				CLANG_WARN_QUOTED_INCLUDE_IN_FRAMEWORK_HEADER = YES;
				CLANG_WARN_RANGE_LOOP_ANALYSIS = YES;
				CLANG_WARN_STRICT_PROTOTYPES = YES;
				CLANG_WARN_SUSPICIOUS_MOVE = YES;
				CLANG_WARN_UNGUARDED_AVAILABILITY = YES_AGGRESSIVE;
				CLANG_WARN_UNREACHABLE_CODE = YES;
				CLANG_WARN__DUPLICATE_METHOD_MATCH = YES;
				COPY_PHASE_STRIP = NO;
				DEBUG_INFORMATION_FORMAT = "dwarf-with-dsym";
				ENABLE_NS_ASSERTIONS = NO;
				ENABLE_STRICT_OBJC_MSGSEND = YES;
				GCC_C_LANGUAGE_STANDARD = gnu11;
				GCC_NO_COMMON_BLOCKS = YES;
				GCC_WARN_64_TO_32_BIT_CONVERSION = YES;
				GCC_WARN_ABOUT_RETURN_TYPE = YES_ERROR;
				GCC_WARN_UNDECLARED_SELECTOR = YES;
				GCC_WARN_UNINITIALIZED_AUTOS = YES_AGGRESSIVE;
				GCC_WARN_UNUSED_FUNCTION = YES;
				GCC_WARN_UNUSED_VARIABLE = YES;
				IPHONEOS_DEPLOYMENT_TARGET = 14.5;
				MTL_ENABLE_DEBUG_INFO = NO;
				MTL_FAST_MATH = YES;
				SDKROOT = iphoneos;
				SWIFT_COMPILATION_MODE = wholemodule;
				SWIFT_OPTIMIZATION_LEVEL = "-O";
				VALIDATE_PRODUCT = YES;
			};
			name = Release;
		};
		FF6A8EAD2646FD7C0058C618 /* Debug */ = {
			isa = XCBuildConfiguration;
			buildSettings = {
				ASSETCATALOG_COMPILER_APPICON_NAME = AppIcon;
				ASSETCATALOG_COMPILER_GLOBAL_ACCENT_COLOR_NAME = AccentColor;
				CODE_SIGN_STYLE = Automatic;
				DEVELOPMENT_ASSET_PATHS = "\"Bingo/Preview Content\"";
				DEVELOPMENT_TEAM = W7XVD3S3V5;
				ENABLE_PREVIEWS = YES;
				INFOPLIST_FILE = Bingo/Info.plist;
				IPHONEOS_DEPLOYMENT_TARGET = 14.0;
				LD_RUNPATH_SEARCH_PATHS = (
					"$(inherited)",
					"@executable_path/Frameworks",
				);
				PRODUCT_BUNDLE_IDENTIFIER = jakeandamy.Bingo;
				PRODUCT_NAME = "$(TARGET_NAME)";
				SWIFT_VERSION = 5.0;
				TARGETED_DEVICE_FAMILY = "1,2";
			};
			name = Debug;
		};
		FF6A8EAE2646FD7C0058C618 /* Release */ = {
			isa = XCBuildConfiguration;
			buildSettings = {
				ASSETCATALOG_COMPILER_APPICON_NAME = AppIcon;
				ASSETCATALOG_COMPILER_GLOBAL_ACCENT_COLOR_NAME = AccentColor;
				CODE_SIGN_STYLE = Automatic;
				DEVELOPMENT_ASSET_PATHS = "\"Bingo/Preview Content\"";
				DEVELOPMENT_TEAM = W7XVD3S3V5;
				ENABLE_PREVIEWS = YES;
				INFOPLIST_FILE = Bingo/Info.plist;
				IPHONEOS_DEPLOYMENT_TARGET = 14.0;
				LD_RUNPATH_SEARCH_PATHS = (
					"$(inherited)",
					"@executable_path/Frameworks",
				);
				PRODUCT_BUNDLE_IDENTIFIER = jakeandamy.Bingo;
				PRODUCT_NAME = "$(TARGET_NAME)";
				SWIFT_VERSION = 5.0;
				TARGETED_DEVICE_FAMILY = "1,2";
			};
			name = Release;
		};
		FF6A8EB02646FD7C0058C618 /* Debug */ = {
			isa = XCBuildConfiguration;
			buildSettings = {
				ALWAYS_EMBED_SWIFT_STANDARD_LIBRARIES = YES;
				BUNDLE_LOADER = "$(TEST_HOST)";
				CODE_SIGN_STYLE = Automatic;
				DEVELOPMENT_TEAM = W7XVD3S3V5;
				INFOPLIST_FILE = BingoTests/Info.plist;
				IPHONEOS_DEPLOYMENT_TARGET = 14.0;
				LD_RUNPATH_SEARCH_PATHS = (
					"$(inherited)",
					"@executable_path/Frameworks",
					"@loader_path/Frameworks",
				);
				PRODUCT_BUNDLE_IDENTIFIER = jakeandamy.BingoTests;
				PRODUCT_NAME = "$(TARGET_NAME)";
				SWIFT_VERSION = 5.0;
				TARGETED_DEVICE_FAMILY = "1,2";
				TEST_HOST = "$(BUILT_PRODUCTS_DIR)/Bingo.app/Bingo";
			};
			name = Debug;
		};
		FF6A8EB12646FD7C0058C618 /* Release */ = {
			isa = XCBuildConfiguration;
			buildSettings = {
				ALWAYS_EMBED_SWIFT_STANDARD_LIBRARIES = YES;
				BUNDLE_LOADER = "$(TEST_HOST)";
				CODE_SIGN_STYLE = Automatic;
				DEVELOPMENT_TEAM = W7XVD3S3V5;
				INFOPLIST_FILE = BingoTests/Info.plist;
				IPHONEOS_DEPLOYMENT_TARGET = 14.0;
				LD_RUNPATH_SEARCH_PATHS = (
					"$(inherited)",
					"@executable_path/Frameworks",
					"@loader_path/Frameworks",
				);
				PRODUCT_BUNDLE_IDENTIFIER = jakeandamy.BingoTests;
				PRODUCT_NAME = "$(TARGET_NAME)";
				SWIFT_VERSION = 5.0;
				TARGETED_DEVICE_FAMILY = "1,2";
				TEST_HOST = "$(BUILT_PRODUCTS_DIR)/Bingo.app/Bingo";
			};
			name = Release;
		};
		FF6A8EB32646FD7C0058C618 /* Debug */ = {
			isa = XCBuildConfiguration;
			buildSettings = {
				ALWAYS_EMBED_SWIFT_STANDARD_LIBRARIES = YES;
				CODE_SIGN_STYLE = Automatic;
				DEVELOPMENT_TEAM = W7XVD3S3V5;
				INFOPLIST_FILE = BingoUITests/Info.plist;
				LD_RUNPATH_SEARCH_PATHS = (
					"$(inherited)",
					"@executable_path/Frameworks",
					"@loader_path/Frameworks",
				);
				PRODUCT_BUNDLE_IDENTIFIER = jakeandamy.BingoUITests;
				PRODUCT_NAME = "$(TARGET_NAME)";
				SWIFT_VERSION = 5.0;
				TARGETED_DEVICE_FAMILY = "1,2";
				TEST_TARGET_NAME = Bingo;
			};
			name = Debug;
		};
		FF6A8EB42646FD7C0058C618 /* Release */ = {
			isa = XCBuildConfiguration;
			buildSettings = {
				ALWAYS_EMBED_SWIFT_STANDARD_LIBRARIES = YES;
				CODE_SIGN_STYLE = Automatic;
				DEVELOPMENT_TEAM = W7XVD3S3V5;
				INFOPLIST_FILE = BingoUITests/Info.plist;
				LD_RUNPATH_SEARCH_PATHS = (
					"$(inherited)",
					"@executable_path/Frameworks",
					"@loader_path/Frameworks",
				);
				PRODUCT_BUNDLE_IDENTIFIER = jakeandamy.BingoUITests;
				PRODUCT_NAME = "$(TARGET_NAME)";
				SWIFT_VERSION = 5.0;
				TARGETED_DEVICE_FAMILY = "1,2";
				TEST_TARGET_NAME = Bingo;
			};
			name = Release;
		};
/* End XCBuildConfiguration section */

/* Begin XCConfigurationList section */
		FF6A8E822646FD7A0058C618 /* Build configuration list for PBXProject "Bingo" */ = {
			isa = XCConfigurationList;
			buildConfigurations = (
				FF6A8EAA2646FD7C0058C618 /* Debug */,
				FF6A8EAB2646FD7C0058C618 /* Release */,
			);
			defaultConfigurationIsVisible = 0;
			defaultConfigurationName = Release;
		};
		FF6A8EAC2646FD7C0058C618 /* Build configuration list for PBXNativeTarget "Bingo" */ = {
			isa = XCConfigurationList;
			buildConfigurations = (
				FF6A8EAD2646FD7C0058C618 /* Debug */,
				FF6A8EAE2646FD7C0058C618 /* Release */,
			);
			defaultConfigurationIsVisible = 0;
			defaultConfigurationName = Release;
		};
		FF6A8EAF2646FD7C0058C618 /* Build configuration list for PBXNativeTarget "BingoTests" */ = {
			isa = XCConfigurationList;
			buildConfigurations = (
				FF6A8EB02646FD7C0058C618 /* Debug */,
				FF6A8EB12646FD7C0058C618 /* Release */,
			);
			defaultConfigurationIsVisible = 0;
			defaultConfigurationName = Release;
		};
		FF6A8EB22646FD7C0058C618 /* Build configuration list for PBXNativeTarget "BingoUITests" */ = {
			isa = XCConfigurationList;
			buildConfigurations = (
				FF6A8EB32646FD7C0058C618 /* Debug */,
				FF6A8EB42646FD7C0058C618 /* Release */,
			);
			defaultConfigurationIsVisible = 0;
			defaultConfigurationName = Release;
		};
/* End XCConfigurationList section */
	};
	rootObject = FF6A8E7F2646FD7A0058C618 /* Project object */;
}
